
Microsoft Visual Studio Solution File, Format Version 12.00
# Visual Studio Version 17
VisualStudioVersion = 17.0.31903.59
MinimumVisualStudioVersion = 10.0.40219.1
Project("{2150E333-8FDC-42A3-9474-1A3956D46DE8}") = "api", "api", "{D82C56D6-B2CD-F611-9E31-04638F7EC30E}"
EndProject
Project("{2150E333-8FDC-42A3-9474-1A3956D46DE8}") = "frontend", "frontend", "{CE609670-85B9-0D16-FB54-ED063D5D8A6D}"
EndProject
Project("{FAE04EC0-301F-11D3-BF4B-00C04F79EFBC}") = "AlasdairCooper.Reference.InternalFrontend", "src\internal-frontend\AlasdairCooper.Reference.InternalFrontend.csproj", "{4B0CA53F-736E-4EF6-93FB-8CEA4AB8FB55}"
EndProject
Project("{2150E333-8FDC-42A3-9474-1A3956D46DE8}") = "orchestration", "orchestration", "{6769D8A8-7DDF-9F1A-6194-7060CBC2FEA6}"
EndProject
Project("{FAE04EC0-301F-11D3-BF4B-00C04F79EFBC}") = "AlasdairCooper.Reference.Orchestration.AppHost", "src\orchestration\app-host\AlasdairCooper.Reference.Orchestration.AppHost.csproj", "{1E38DCE2-71CB-4079-9065-037F7921E88F}"
EndProject
Project("{FAE04EC0-301F-11D3-BF4B-00C04F79EFBC}") = "AlasdairCooper.Reference.Orchestration.ServiceDefaults", "src\orchestration\service-defaults\AlasdairCooper.Reference.Orchestration.ServiceDefaults.csproj", "{2482BE73-BB42-48A7-8D59-E8238D7B7B5E}"
EndProject
Project("{FAE04EC0-301F-11D3-BF4B-00C04F79EFBC}") = "AlasdairCooper.Reference.Shared", "src\shared\AlasdairCooper.Reference.Shared.csproj", "{63D713F1-2001-4650-8837-D58EBF002A30}"
EndProject
Project("{FAE04EC0-301F-11D3-BF4B-00C04F79EFBC}") = "AlasdairCooper.Reference.Api", "src\api\api\AlasdairCooper.Reference.Api.csproj", "{987ECCEB-760C-4D7B-82B5-A6C7720455BB}"
EndProject
Project("{FAE04EC0-301F-11D3-BF4B-00C04F79EFBC}") = "AlasdairCooper.Reference.Api.Data", "src\api\data\AlasdairCooper.Reference.Api.Data.csproj", "{37688090-FF73-4786-B0CB-60621193B907}"
EndProject
Project("{FAE04EC0-301F-11D3-BF4B-00C04F79EFBC}") = "AlasdairCooper.Reference.Api.Migrator", "src\api\migrator\AlasdairCooper.Reference.Api.Migrator.csproj", "{31F63DCC-D7E5-4ECA-9C4E-4288E3D55630}"
EndProject
Project("{2150E333-8FDC-42A3-9474-1A3956D46DE8}") = "items", "items", "{D9FBEFDE-04FA-47C8-8DD4-430DD25C641A}"
	ProjectSection(SolutionItems) = preProject
		Directory.build.props = Directory.build.props
		Directory.build.targets = Directory.build.targets
		global.json = global.json
		nuget.config = nuget.config
		README.md = README.md
	EndProjectSection
EndProject
Project("{2150E333-8FDC-42A3-9474-1A3956D46DE8}") = "src", "src", "{A031F3A9-762F-47E4-B357-AA369B7C4007}"
EndProject
Project("{FAE04EC0-301F-11D3-BF4B-00C04F79EFBC}") = "AlasdairCooper.Reference.Api.Generator", "src\api\generator\AlasdairCooper.Reference.Api.Generator.csproj", "{440115C7-1FDD-4FCC-9770-CF47C4F36F07}"
EndProject
Project("{2150E333-8FDC-42A3-9474-1A3956D46DE8}") = "lib", "lib", "{3950ED85-2A47-4D01-93E1-E6E9C10E316B}"
EndProject
Project("{FAE04EC0-301F-11D3-BF4B-00C04F79EFBC}") = "AlasdairCooper.Reference.Components", "src\components\AlasdairCooper.Reference.Components.csproj", "{2C5CC5F9-B483-4AD3-83DE-6B823FF9F75B}"
EndProject
Project("{FAE04EC0-301F-11D3-BF4B-00C04F79EFBC}") = "AlasdairCooper.Reference.BlazorPlayground", "src\blazor-playground\AlasdairCooper.Reference.BlazorPlayground.csproj", "{2D4267D4-9B2D-44DC-9E32-6FCFDD85D88F}"
EndProject
Project("{FAE04EC0-301F-11D3-BF4B-00C04F79EFBC}") = "AlasdairCooper.Reference.SourceGenerators", "src\source-generators\AlasdairCooper.Reference.SourceGenerators.csproj", "{65AD6D37-CFFD-4C3B-BC3C-148A5B0DBF58}"
EndProject
Project("{2150E333-8FDC-42A3-9474-1A3956D46DE8}") = "tests", "tests", "{AAA52EDD-EA58-4BFA-B3F2-D16D4CA4CED8}"
EndProject
Project("{FAE04EC0-301F-11D3-BF4B-00C04F79EFBC}") = "AlasdairCooper.Reference.SourceGenerators.Tests", "tests\AlasdairCooper.Reference.SourceGenerators.Tests\AlasdairCooper.Reference.SourceGenerators.Tests.csproj", "{F27E4041-16B7-40F3-8753-A4751964715E}"
EndProject
Global
	GlobalSection(SolutionConfigurationPlatforms) = preSolution
		Debug|Any CPU = Debug|Any CPU
		Debug|x64 = Debug|x64
		Debug|x86 = Debug|x86
		Release|Any CPU = Release|Any CPU
		Release|x64 = Release|x64
		Release|x86 = Release|x86
	EndGlobalSection
	GlobalSection(ProjectConfigurationPlatforms) = postSolution
		{4B0CA53F-736E-4EF6-93FB-8CEA4AB8FB55}.Debug|Any CPU.ActiveCfg = Debug|Any CPU
		{4B0CA53F-736E-4EF6-93FB-8CEA4AB8FB55}.Debug|Any CPU.Build.0 = Debug|Any CPU
		{4B0CA53F-736E-4EF6-93FB-8CEA4AB8FB55}.Debug|x64.ActiveCfg = Debug|Any CPU
		{4B0CA53F-736E-4EF6-93FB-8CEA4AB8FB55}.Debug|x64.Build.0 = Debug|Any CPU
		{4B0CA53F-736E-4EF6-93FB-8CEA4AB8FB55}.Debug|x86.ActiveCfg = Debug|Any CPU
		{4B0CA53F-736E-4EF6-93FB-8CEA4AB8FB55}.Debug|x86.Build.0 = Debug|Any CPU
		{4B0CA53F-736E-4EF6-93FB-8CEA4AB8FB55}.Release|Any CPU.ActiveCfg = Release|Any CPU
		{4B0CA53F-736E-4EF6-93FB-8CEA4AB8FB55}.Release|Any CPU.Build.0 = Release|Any CPU
		{4B0CA53F-736E-4EF6-93FB-8CEA4AB8FB55}.Release|x64.ActiveCfg = Release|Any CPU
		{4B0CA53F-736E-4EF6-93FB-8CEA4AB8FB55}.Release|x64.Build.0 = Release|Any CPU
		{4B0CA53F-736E-4EF6-93FB-8CEA4AB8FB55}.Release|x86.ActiveCfg = Release|Any CPU
		{4B0CA53F-736E-4EF6-93FB-8CEA4AB8FB55}.Release|x86.Build.0 = Release|Any CPU
		{1E38DCE2-71CB-4079-9065-037F7921E88F}.Debug|Any CPU.ActiveCfg = Debug|Any CPU
		{1E38DCE2-71CB-4079-9065-037F7921E88F}.Debug|Any CPU.Build.0 = Debug|Any CPU
		{1E38DCE2-71CB-4079-9065-037F7921E88F}.Debug|x64.ActiveCfg = Debug|Any CPU
		{1E38DCE2-71CB-4079-9065-037F7921E88F}.Debug|x64.Build.0 = Debug|Any CPU
		{1E38DCE2-71CB-4079-9065-037F7921E88F}.Debug|x86.ActiveCfg = Debug|Any CPU
		{1E38DCE2-71CB-4079-9065-037F7921E88F}.Debug|x86.Build.0 = Debug|Any CPU
		{1E38DCE2-71CB-4079-9065-037F7921E88F}.Release|Any CPU.ActiveCfg = Release|Any CPU
		{1E38DCE2-71CB-4079-9065-037F7921E88F}.Release|Any CPU.Build.0 = Release|Any CPU
		{1E38DCE2-71CB-4079-9065-037F7921E88F}.Release|x64.ActiveCfg = Release|Any CPU
		{1E38DCE2-71CB-4079-9065-037F7921E88F}.Release|x64.Build.0 = Release|Any CPU
		{1E38DCE2-71CB-4079-9065-037F7921E88F}.Release|x86.ActiveCfg = Release|Any CPU
		{1E38DCE2-71CB-4079-9065-037F7921E88F}.Release|x86.Build.0 = Release|Any CPU
		{2482BE73-BB42-48A7-8D59-E8238D7B7B5E}.Debug|Any CPU.ActiveCfg = Debug|Any CPU
		{2482BE73-BB42-48A7-8D59-E8238D7B7B5E}.Debug|Any CPU.Build.0 = Debug|Any CPU
		{2482BE73-BB42-48A7-8D59-E8238D7B7B5E}.Debug|x64.ActiveCfg = Debug|Any CPU
		{2482BE73-BB42-48A7-8D59-E8238D7B7B5E}.Debug|x64.Build.0 = Debug|Any CPU
		{2482BE73-BB42-48A7-8D59-E8238D7B7B5E}.Debug|x86.ActiveCfg = Debug|Any CPU
		{2482BE73-BB42-48A7-8D59-E8238D7B7B5E}.Debug|x86.Build.0 = Debug|Any CPU
		{2482BE73-BB42-48A7-8D59-E8238D7B7B5E}.Release|Any CPU.ActiveCfg = Release|Any CPU
		{2482BE73-BB42-48A7-8D59-E8238D7B7B5E}.Release|Any CPU.Build.0 = Release|Any CPU
		{2482BE73-BB42-48A7-8D59-E8238D7B7B5E}.Release|x64.ActiveCfg = Release|Any CPU
		{2482BE73-BB42-48A7-8D59-E8238D7B7B5E}.Release|x64.Build.0 = Release|Any CPU
		{2482BE73-BB42-48A7-8D59-E8238D7B7B5E}.Release|x86.ActiveCfg = Release|Any CPU
		{2482BE73-BB42-48A7-8D59-E8238D7B7B5E}.Release|x86.Build.0 = Release|Any CPU
		{63D713F1-2001-4650-8837-D58EBF002A30}.Debug|Any CPU.ActiveCfg = Debug|Any CPU
		{63D713F1-2001-4650-8837-D58EBF002A30}.Debug|Any CPU.Build.0 = Debug|Any CPU
		{63D713F1-2001-4650-8837-D58EBF002A30}.Debug|x64.ActiveCfg = Debug|Any CPU
		{63D713F1-2001-4650-8837-D58EBF002A30}.Debug|x64.Build.0 = Debug|Any CPU
		{63D713F1-2001-4650-8837-D58EBF002A30}.Debug|x86.ActiveCfg = Debug|Any CPU
		{63D713F1-2001-4650-8837-D58EBF002A30}.Debug|x86.Build.0 = Debug|Any CPU
		{63D713F1-2001-4650-8837-D58EBF002A30}.Release|Any CPU.ActiveCfg = Release|Any CPU
		{63D713F1-2001-4650-8837-D58EBF002A30}.Release|Any CPU.Build.0 = Release|Any CPU
		{63D713F1-2001-4650-8837-D58EBF002A30}.Release|x64.ActiveCfg = Release|Any CPU
		{63D713F1-2001-4650-8837-D58EBF002A30}.Release|x64.Build.0 = Release|Any CPU
		{63D713F1-2001-4650-8837-D58EBF002A30}.Release|x86.ActiveCfg = Release|Any CPU
		{63D713F1-2001-4650-8837-D58EBF002A30}.Release|x86.Build.0 = Release|Any CPU
		{987ECCEB-760C-4D7B-82B5-A6C7720455BB}.Debug|Any CPU.ActiveCfg = Debug|Any CPU
		{987ECCEB-760C-4D7B-82B5-A6C7720455BB}.Debug|Any CPU.Build.0 = Debug|Any CPU
		{987ECCEB-760C-4D7B-82B5-A6C7720455BB}.Debug|x64.ActiveCfg = Debug|Any CPU
		{987ECCEB-760C-4D7B-82B5-A6C7720455BB}.Debug|x64.Build.0 = Debug|Any CPU
		{987ECCEB-760C-4D7B-82B5-A6C7720455BB}.Debug|x86.ActiveCfg = Debug|Any CPU
		{987ECCEB-760C-4D7B-82B5-A6C7720455BB}.Debug|x86.Build.0 = Debug|Any CPU
		{987ECCEB-760C-4D7B-82B5-A6C7720455BB}.Release|Any CPU.ActiveCfg = Release|Any CPU
		{987ECCEB-760C-4D7B-82B5-A6C7720455BB}.Release|Any CPU.Build.0 = Release|Any CPU
		{987ECCEB-760C-4D7B-82B5-A6C7720455BB}.Release|x64.ActiveCfg = Release|Any CPU
		{987ECCEB-760C-4D7B-82B5-A6C7720455BB}.Release|x64.Build.0 = Release|Any CPU
		{987ECCEB-760C-4D7B-82B5-A6C7720455BB}.Release|x86.ActiveCfg = Release|Any CPU
		{987ECCEB-760C-4D7B-82B5-A6C7720455BB}.Release|x86.Build.0 = Release|Any CPU
		{37688090-FF73-4786-B0CB-60621193B907}.Debug|Any CPU.ActiveCfg = Debug|Any CPU
		{37688090-FF73-4786-B0CB-60621193B907}.Debug|Any CPU.Build.0 = Debug|Any CPU
		{37688090-FF73-4786-B0CB-60621193B907}.Debug|x64.ActiveCfg = Debug|Any CPU
		{37688090-FF73-4786-B0CB-60621193B907}.Debug|x64.Build.0 = Debug|Any CPU
		{37688090-FF73-4786-B0CB-60621193B907}.Debug|x86.ActiveCfg = Debug|Any CPU
		{37688090-FF73-4786-B0CB-60621193B907}.Debug|x86.Build.0 = Debug|Any CPU
		{37688090-FF73-4786-B0CB-60621193B907}.Release|Any CPU.ActiveCfg = Release|Any CPU
		{37688090-FF73-4786-B0CB-60621193B907}.Release|Any CPU.Build.0 = Release|Any CPU
		{37688090-FF73-4786-B0CB-60621193B907}.Release|x64.ActiveCfg = Release|Any CPU
		{37688090-FF73-4786-B0CB-60621193B907}.Release|x64.Build.0 = Release|Any CPU
		{37688090-FF73-4786-B0CB-60621193B907}.Release|x86.ActiveCfg = Release|Any CPU
		{37688090-FF73-4786-B0CB-60621193B907}.Release|x86.Build.0 = Release|Any CPU
		{31F63DCC-D7E5-4ECA-9C4E-4288E3D55630}.Debug|Any CPU.ActiveCfg = Debug|Any CPU
		{31F63DCC-D7E5-4ECA-9C4E-4288E3D55630}.Debug|Any CPU.Build.0 = Debug|Any CPU
		{31F63DCC-D7E5-4ECA-9C4E-4288E3D55630}.Debug|x64.ActiveCfg = Debug|Any CPU
		{31F63DCC-D7E5-4ECA-9C4E-4288E3D55630}.Debug|x64.Build.0 = Debug|Any CPU
		{31F63DCC-D7E5-4ECA-9C4E-4288E3D55630}.Debug|x86.ActiveCfg = Debug|Any CPU
		{31F63DCC-D7E5-4ECA-9C4E-4288E3D55630}.Debug|x86.Build.0 = Debug|Any CPU
		{31F63DCC-D7E5-4ECA-9C4E-4288E3D55630}.Release|Any CPU.ActiveCfg = Release|Any CPU
		{31F63DCC-D7E5-4ECA-9C4E-4288E3D55630}.Release|Any CPU.Build.0 = Release|Any CPU
		{31F63DCC-D7E5-4ECA-9C4E-4288E3D55630}.Release|x64.ActiveCfg = Release|Any CPU
		{31F63DCC-D7E5-4ECA-9C4E-4288E3D55630}.Release|x64.Build.0 = Release|Any CPU
		{31F63DCC-D7E5-4ECA-9C4E-4288E3D55630}.Release|x86.ActiveCfg = Release|Any CPU
		{31F63DCC-D7E5-4ECA-9C4E-4288E3D55630}.Release|x86.Build.0 = Release|Any CPU
		{440115C7-1FDD-4FCC-9770-CF47C4F36F07}.Debug|Any CPU.ActiveCfg = Debug|Any CPU
		{440115C7-1FDD-4FCC-9770-CF47C4F36F07}.Debug|Any CPU.Build.0 = Debug|Any CPU
		{440115C7-1FDD-4FCC-9770-CF47C4F36F07}.Debug|x64.ActiveCfg = Debug|Any CPU
		{440115C7-1FDD-4FCC-9770-CF47C4F36F07}.Debug|x64.Build.0 = Debug|Any CPU
		{440115C7-1FDD-4FCC-9770-CF47C4F36F07}.Debug|x86.ActiveCfg = Debug|Any CPU
		{440115C7-1FDD-4FCC-9770-CF47C4F36F07}.Debug|x86.Build.0 = Debug|Any CPU
		{440115C7-1FDD-4FCC-9770-CF47C4F36F07}.Release|Any CPU.ActiveCfg = Release|Any CPU
		{440115C7-1FDD-4FCC-9770-CF47C4F36F07}.Release|Any CPU.Build.0 = Release|Any CPU
		{440115C7-1FDD-4FCC-9770-CF47C4F36F07}.Release|x64.ActiveCfg = Release|Any CPU
		{440115C7-1FDD-4FCC-9770-CF47C4F36F07}.Release|x64.Build.0 = Release|Any CPU
		{440115C7-1FDD-4FCC-9770-CF47C4F36F07}.Release|x86.ActiveCfg = Release|Any CPU
		{440115C7-1FDD-4FCC-9770-CF47C4F36F07}.Release|x86.Build.0 = Release|Any CPU
		{2C5CC5F9-B483-4AD3-83DE-6B823FF9F75B}.Debug|Any CPU.ActiveCfg = Debug|Any CPU
		{2C5CC5F9-B483-4AD3-83DE-6B823FF9F75B}.Debug|Any CPU.Build.0 = Debug|Any CPU
		{2C5CC5F9-B483-4AD3-83DE-6B823FF9F75B}.Debug|x64.ActiveCfg = Debug|Any CPU
		{2C5CC5F9-B483-4AD3-83DE-6B823FF9F75B}.Debug|x64.Build.0 = Debug|Any CPU
		{2C5CC5F9-B483-4AD3-83DE-6B823FF9F75B}.Debug|x86.ActiveCfg = Debug|Any CPU
		{2C5CC5F9-B483-4AD3-83DE-6B823FF9F75B}.Debug|x86.Build.0 = Debug|Any CPU
		{2C5CC5F9-B483-4AD3-83DE-6B823FF9F75B}.Release|Any CPU.ActiveCfg = Release|Any CPU
		{2C5CC5F9-B483-4AD3-83DE-6B823FF9F75B}.Release|Any CPU.Build.0 = Release|Any CPU
		{2C5CC5F9-B483-4AD3-83DE-6B823FF9F75B}.Release|x64.ActiveCfg = Release|Any CPU
		{2C5CC5F9-B483-4AD3-83DE-6B823FF9F75B}.Release|x64.Build.0 = Release|Any CPU
		{2C5CC5F9-B483-4AD3-83DE-6B823FF9F75B}.Release|x86.ActiveCfg = Release|Any CPU
		{2C5CC5F9-B483-4AD3-83DE-6B823FF9F75B}.Release|x86.Build.0 = Release|Any CPU
		{2D4267D4-9B2D-44DC-9E32-6FCFDD85D88F}.Debug|Any CPU.ActiveCfg = Debug|Any CPU
		{2D4267D4-9B2D-44DC-9E32-6FCFDD85D88F}.Debug|Any CPU.Build.0 = Debug|Any CPU
		{2D4267D4-9B2D-44DC-9E32-6FCFDD85D88F}.Debug|x64.ActiveCfg = Debug|Any CPU
		{2D4267D4-9B2D-44DC-9E32-6FCFDD85D88F}.Debug|x64.Build.0 = Debug|Any CPU
		{2D4267D4-9B2D-44DC-9E32-6FCFDD85D88F}.Debug|x86.ActiveCfg = Debug|Any CPU
		{2D4267D4-9B2D-44DC-9E32-6FCFDD85D88F}.Debug|x86.Build.0 = Debug|Any CPU
		{2D4267D4-9B2D-44DC-9E32-6FCFDD85D88F}.Release|Any CPU.ActiveCfg = Release|Any CPU
		{2D4267D4-9B2D-44DC-9E32-6FCFDD85D88F}.Release|Any CPU.Build.0 = Release|Any CPU
		{2D4267D4-9B2D-44DC-9E32-6FCFDD85D88F}.Release|x64.ActiveCfg = Release|Any CPU
		{2D4267D4-9B2D-44DC-9E32-6FCFDD85D88F}.Release|x64.Build.0 = Release|Any CPU
		{2D4267D4-9B2D-44DC-9E32-6FCFDD85D88F}.Release|x86.ActiveCfg = Release|Any CPU
		{2D4267D4-9B2D-44DC-9E32-6FCFDD85D88F}.Release|x86.Build.0 = Release|Any CPU
		{65AD6D37-CFFD-4C3B-BC3C-148A5B0DBF58}.Debug|Any CPU.ActiveCfg = Debug|Any CPU
		{65AD6D37-CFFD-4C3B-BC3C-148A5B0DBF58}.Debug|Any CPU.Build.0 = Debug|Any CPU
		{65AD6D37-CFFD-4C3B-BC3C-148A5B0DBF58}.Debug|x64.ActiveCfg = Debug|Any CPU
		{65AD6D37-CFFD-4C3B-BC3C-148A5B0DBF58}.Debug|x64.Build.0 = Debug|Any CPU
		{65AD6D37-CFFD-4C3B-BC3C-148A5B0DBF58}.Debug|x86.ActiveCfg = Debug|Any CPU
		{65AD6D37-CFFD-4C3B-BC3C-148A5B0DBF58}.Debug|x86.Build.0 = Debug|Any CPU
		{65AD6D37-CFFD-4C3B-BC3C-148A5B0DBF58}.Release|Any CPU.ActiveCfg = Release|Any CPU
		{65AD6D37-CFFD-4C3B-BC3C-148A5B0DBF58}.Release|Any CPU.Build.0 = Release|Any CPU
		{65AD6D37-CFFD-4C3B-BC3C-148A5B0DBF58}.Release|x64.ActiveCfg = Release|Any CPU
		{65AD6D37-CFFD-4C3B-BC3C-148A5B0DBF58}.Release|x64.Build.0 = Release|Any CPU
		{65AD6D37-CFFD-4C3B-BC3C-148A5B0DBF58}.Release|x86.ActiveCfg = Release|Any CPU
		{65AD6D37-CFFD-4C3B-BC3C-148A5B0DBF58}.Release|x86.Build.0 = Release|Any CPU
		{F27E4041-16B7-40F3-8753-A4751964715E}.Debug|Any CPU.ActiveCfg = Debug|Any CPU
		{F27E4041-16B7-40F3-8753-A4751964715E}.Debug|Any CPU.Build.0 = Debug|Any CPU
		{F27E4041-16B7-40F3-8753-A4751964715E}.Debug|x64.ActiveCfg = Debug|Any CPU
		{F27E4041-16B7-40F3-8753-A4751964715E}.Debug|x64.Build.0 = Debug|Any CPU
		{F27E4041-16B7-40F3-8753-A4751964715E}.Debug|x86.ActiveCfg = Debug|Any CPU
		{F27E4041-16B7-40F3-8753-A4751964715E}.Debug|x86.Build.0 = Debug|Any CPU
		{F27E4041-16B7-40F3-8753-A4751964715E}.Release|Any CPU.ActiveCfg = Release|Any CPU
		{F27E4041-16B7-40F3-8753-A4751964715E}.Release|Any CPU.Build.0 = Release|Any CPU
		{F27E4041-16B7-40F3-8753-A4751964715E}.Release|x64.ActiveCfg = Release|Any CPU
		{F27E4041-16B7-40F3-8753-A4751964715E}.Release|x64.Build.0 = Release|Any CPU
		{F27E4041-16B7-40F3-8753-A4751964715E}.Release|x86.ActiveCfg = Release|Any CPU
		{F27E4041-16B7-40F3-8753-A4751964715E}.Release|x86.Build.0 = Release|Any CPU
	EndGlobalSection
	GlobalSection(SolutionProperties) = preSolution
		HideSolutionNode = FALSE
	EndGlobalSection
	GlobalSection(NestedProjects) = preSolution
		{4B0CA53F-736E-4EF6-93FB-8CEA4AB8FB55} = {CE609670-85B9-0D16-FB54-ED063D5D8A6D}
		{1E38DCE2-71CB-4079-9065-037F7921E88F} = {6769D8A8-7DDF-9F1A-6194-7060CBC2FEA6}
		{2482BE73-BB42-48A7-8D59-E8238D7B7B5E} = {6769D8A8-7DDF-9F1A-6194-7060CBC2FEA6}
		{987ECCEB-760C-4D7B-82B5-A6C7720455BB} = {D82C56D6-B2CD-F611-9E31-04638F7EC30E}
		{37688090-FF73-4786-B0CB-60621193B907} = {D82C56D6-B2CD-F611-9E31-04638F7EC30E}
		{31F63DCC-D7E5-4ECA-9C4E-4288E3D55630} = {D82C56D6-B2CD-F611-9E31-04638F7EC30E}
		{D82C56D6-B2CD-F611-9E31-04638F7EC30E} = {A031F3A9-762F-47E4-B357-AA369B7C4007}
		{CE609670-85B9-0D16-FB54-ED063D5D8A6D} = {A031F3A9-762F-47E4-B357-AA369B7C4007}
		{6769D8A8-7DDF-9F1A-6194-7060CBC2FEA6} = {A031F3A9-762F-47E4-B357-AA369B7C4007}
		{440115C7-1FDD-4FCC-9770-CF47C4F36F07} = {D82C56D6-B2CD-F611-9E31-04638F7EC30E}
		{3950ED85-2A47-4D01-93E1-E6E9C10E316B} = {A031F3A9-762F-47E4-B357-AA369B7C4007}
		{63D713F1-2001-4650-8837-D58EBF002A30} = {3950ED85-2A47-4D01-93E1-E6E9C10E316B}
		{2C5CC5F9-B483-4AD3-83DE-6B823FF9F75B} = {3950ED85-2A47-4D01-93E1-E6E9C10E316B}
		{2D4267D4-9B2D-44DC-9E32-6FCFDD85D88F} = {CE609670-85B9-0D16-FB54-ED063D5D8A6D}
		{65AD6D37-CFFD-4C3B-BC3C-148A5B0DBF58} = {3950ED85-2A47-4D01-93E1-E6E9C10E316B}
		{F27E4041-16B7-40F3-8753-A4751964715E} = {AAA52EDD-EA58-4BFA-B3F2-D16D4CA4CED8}
	EndGlobalSection
EndGlobal
